
Microsoft Visual Studio Solution File, Format Version 12.00
# Visual Studio Version 16
VisualStudioVersion = 16.0.32106.194
MinimumVisualStudioVersion = 10.0.40219.1
Project("{FAE04EC0-301F-11D3-BF4B-00C04F79EFBC}") = "Hastane Yönetim ve Randevu Sistemi", "Hastane Yönetim ve Randevu Sistemi\Hastane Yönetim ve Randevu Sistemi.csproj", "{DFA2EDCE-D622-4093-8E21-0D9CD3DCB1E9}"
EndProject
Global
	GlobalSection(SolutionConfigurationPlatforms) = preSolution
		Debug|Any CPU = Debug|Any CPU
		Release|Any CPU = Release|Any CPU
	EndGlobalSection
	GlobalSection(ProjectConfigurationPlatforms) = postSolution
		{DFA2EDCE-D622-4093-8E21-0D9CD3DCB1E9}.Debug|Any CPU.ActiveCfg = Debug|Any CPU
		{DFA2EDCE-D622-4093-8E21-0D9CD3DCB1E9}.Debug|Any CPU.Build.0 = Debug|Any CPU
		{DFA2EDCE-D622-4093-8E21-0D9CD3DCB1E9}.Release|Any CPU.ActiveCfg = Release|Any CPU
		{DFA2EDCE-D622-4093-8E21-0D9CD3DCB1E9}.Release|Any CPU.Build.0 = Release|Any CPU
	EndGlobalSection
	GlobalSection(SolutionProperties) = preSolution
		HideSolutionNode = FALSE
	EndGlobalSection
	GlobalSection(ExtensibilityGlobals) = postSolution
		SolutionGuid = {FEF9C445-61D8-450F-83D7-66F70515EE62}
	EndGlobalSection
EndGlobal
